# THIS IS AN AUTOGENERATED FILE. DO NOT EDIT THIS FILE DIRECTLY.
# yarn lockfile v1


"@adraffy/ens-normalize@^1.8.8":
  version "1.11.0"
  resolved "https://registry.yarnpkg.com/@adraffy/ens-normalize/-/ens-normalize-1.11.0.tgz#42cc67c5baa407ac25059fcd7d405cc5ecdb0c33"
  integrity sha512-/3DDPKHqqIqxUULp8yP4zODUY1i+2xvVWsv8A79xGWdCAG+8sb0hRh0Rk2QyOJUnnbyPUAZYcpBuRe3nS2OIUg==

"@ethereumjs/rlp@^4.0.1":
  version "4.0.1"
  resolved "https://registry.yarnpkg.com/@ethereumjs/rlp/-/rlp-4.0.1.tgz#626fabfd9081baab3d0a3074b0c7ecaf674aaa41"
  integrity sha512-tqsQiBQDQdmPWE1xkkBq4rlSW5QZpLOUJ5RJh2/9fug+q9tnUhuZoVLk7s0scUIKTOzEtR72DFBXI4WiZcMpvw==

"@ethereumjs/rlp@^5.0.2":
  version "5.0.2"
  resolved "https://registry.yarnpkg.com/@ethereumjs/rlp/-/rlp-5.0.2.tgz#c89bd82f2f3bec248ab2d517ae25f5bbc4aac842"
  integrity sha512-DziebCdg4JpGlEqEdGgXmjqcFoJi+JGulUXwEjsZGAscAQ7MyD/7LE/GVCP29vEQxKc7AAwjT3A2ywHp2xfoCA==

"@noble/curves@1.4.2", "@noble/curves@~1.4.0":
  version "1.4.2"
  resolved "https://registry.yarnpkg.com/@noble/curves/-/curves-1.4.2.tgz#40309198c76ed71bc6dbf7ba24e81ceb4d0d1fe9"
  integrity sha512-TavHr8qycMChk8UwMld0ZDRvatedkzWfH8IiaeGCfymOP5i0hSCozz9vHOL0nkwk7HRMlFnAiKpS2jrUmSybcw==
  dependencies:
    "@noble/hashes" "1.4.0"

"@noble/hashes@1.4.0", "@noble/hashes@~1.4.0":
  version "1.4.0"
  resolved "https://registry.yarnpkg.com/@noble/hashes/-/hashes-1.4.0.tgz#45814aa329f30e4fe0ba49426f49dfccdd066426"
  integrity sha512-V1JJ1WTRUqHHrOSh597hURcMqVKVGL/ea3kv0gSnEdsEZ0/+VyPghM1lMNGc00z7CIQorSvbKpuJkxvuHbvdbg==

"@parcel/watcher-android-arm64@2.5.0":
  version "2.5.0"
  resolved "https://registry.yarnpkg.com/@parcel/watcher-android-arm64/-/watcher-android-arm64-2.5.0.tgz#e32d3dda6647791ee930556aee206fcd5ea0fb7a"
  integrity sha512-qlX4eS28bUcQCdribHkg/herLe+0A9RyYC+mm2PXpncit8z5b3nSqGVzMNR3CmtAOgRutiZ02eIJJgP/b1iEFQ==

"@parcel/watcher-darwin-arm64@2.5.0":
  version "2.5.0"
  resolved "https://registry.yarnpkg.com/@parcel/watcher-darwin-arm64/-/watcher-darwin-arm64-2.5.0.tgz#0d9e680b7e9ec1c8f54944f1b945aa8755afb12f"
  integrity sha512-hyZ3TANnzGfLpRA2s/4U1kbw2ZI4qGxaRJbBH2DCSREFfubMswheh8TeiC1sGZ3z2jUf3s37P0BBlrD3sjVTUw==

"@parcel/watcher-darwin-x64@2.5.0":
  version "2.5.0"
  resolved "https://registry.yarnpkg.com/@parcel/watcher-darwin-x64/-/watcher-darwin-x64-2.5.0.tgz#f9f1d5ce9d5878d344f14ef1856b7a830c59d1bb"
  integrity sha512-9rhlwd78saKf18fT869/poydQK8YqlU26TMiNg7AIu7eBp9adqbJZqmdFOsbZ5cnLp5XvRo9wcFmNHgHdWaGYA==

"@parcel/watcher-freebsd-x64@2.5.0":
  version "2.5.0"
  resolved "https://registry.yarnpkg.com/@parcel/watcher-freebsd-x64/-/watcher-freebsd-x64-2.5.0.tgz#2b77f0c82d19e84ff4c21de6da7f7d096b1a7e82"
  integrity sha512-syvfhZzyM8kErg3VF0xpV8dixJ+RzbUaaGaeb7uDuz0D3FK97/mZ5AJQ3XNnDsXX7KkFNtyQyFrXZzQIcN49Tw==

"@parcel/watcher-linux-arm-glibc@2.5.0":
  version "2.5.0"
  resolved "https://registry.yarnpkg.com/@parcel/watcher-linux-arm-glibc/-/watcher-linux-arm-glibc-2.5.0.tgz#92ed322c56dbafa3d2545dcf2803334aee131e42"
  integrity sha512-0VQY1K35DQET3dVYWpOaPFecqOT9dbuCfzjxoQyif1Wc574t3kOSkKevULddcR9znz1TcklCE7Ht6NIxjvTqLA==

"@parcel/watcher-linux-arm-musl@2.5.0":
  version "2.5.0"
  resolved "https://registry.yarnpkg.com/@parcel/watcher-linux-arm-musl/-/watcher-linux-arm-musl-2.5.0.tgz#cd48e9bfde0cdbbd2ecd9accfc52967e22f849a4"
  integrity sha512-6uHywSIzz8+vi2lAzFeltnYbdHsDm3iIB57d4g5oaB9vKwjb6N6dRIgZMujw4nm5r6v9/BQH0noq6DzHrqr2pA==

"@parcel/watcher-linux-arm64-glibc@2.5.0":
  version "2.5.0"
  resolved "https://registry.yarnpkg.com/@parcel/watcher-linux-arm64-glibc/-/watcher-linux-arm64-glibc-2.5.0.tgz#7b81f6d5a442bb89fbabaf6c13573e94a46feb03"
  integrity sha512-BfNjXwZKxBy4WibDb/LDCriWSKLz+jJRL3cM/DllnHH5QUyoiUNEp3GmL80ZqxeumoADfCCP19+qiYiC8gUBjA==

"@parcel/watcher-linux-arm64-musl@2.5.0":
  version "2.5.0"
  resolved "https://registry.yarnpkg.com/@parcel/watcher-linux-arm64-musl/-/watcher-linux-arm64-musl-2.5.0.tgz#dcb8ff01077cdf59a18d9e0a4dff7a0cfe5fd732"
  integrity sha512-S1qARKOphxfiBEkwLUbHjCY9BWPdWnW9j7f7Hb2jPplu8UZ3nes7zpPOW9bkLbHRvWM0WDTsjdOTUgW0xLBN1Q==

"@parcel/watcher-linux-x64-glibc@2.5.0":
  version "2.5.0"
  resolved "https://registry.yarnpkg.com/@parcel/watcher-linux-x64-glibc/-/watcher-linux-x64-glibc-2.5.0.tgz#2e254600fda4e32d83942384d1106e1eed84494d"
  integrity sha512-d9AOkusyXARkFD66S6zlGXyzx5RvY+chTP9Jp0ypSTC9d4lzyRs9ovGf/80VCxjKddcUvnsGwCHWuF2EoPgWjw==

"@parcel/watcher-linux-x64-musl@2.5.0":
  version "2.5.0"
  resolved "https://registry.yarnpkg.com/@parcel/watcher-linux-x64-musl/-/watcher-linux-x64-musl-2.5.0.tgz#01fcea60fedbb3225af808d3f0a7b11229792eef"
  integrity sha512-iqOC+GoTDoFyk/VYSFHwjHhYrk8bljW6zOhPuhi5t9ulqiYq1togGJB5e3PwYVFFfeVgc6pbz3JdQyDoBszVaA==

"@parcel/watcher-win32-arm64@2.5.0":
  version "2.5.0"
  resolved "https://registry.yarnpkg.com/@parcel/watcher-win32-arm64/-/watcher-win32-arm64-2.5.0.tgz#87cdb16e0783e770197e52fb1dc027bb0c847154"
  integrity sha512-twtft1d+JRNkM5YbmexfcH/N4znDtjgysFaV9zvZmmJezQsKpkfLYJ+JFV3uygugK6AtIM2oADPkB2AdhBrNig==

"@parcel/watcher-win32-ia32@2.5.0":
  version "2.5.0"
  resolved "https://registry.yarnpkg.com/@parcel/watcher-win32-ia32/-/watcher-win32-ia32-2.5.0.tgz#778c39b56da33e045ba21c678c31a9f9d7c6b220"
  integrity sha512-+rgpsNRKwo8A53elqbbHXdOMtY/tAtTzManTWShB5Kk54N8Q9mzNWV7tV+IbGueCbcj826MfWGU3mprWtuf1TA==

"@parcel/watcher-win32-x64@2.5.0":
  version "2.5.0"
  resolved "https://registry.yarnpkg.com/@parcel/watcher-win32-x64/-/watcher-win32-x64-2.5.0.tgz#33873876d0bbc588aacce38e90d1d7480ce81cb7"
  integrity sha512-lPrxve92zEHdgeff3aiu4gDOIt4u7sJYha6wbdEZDCDUhtjTsOMiaJzG5lMY4GkWH8p0fMmO2Ppq5G5XXG+DQw==

"@parcel/watcher@^2.4.1":
  version "2.5.0"
  resolved "https://registry.yarnpkg.com/@parcel/watcher/-/watcher-2.5.0.tgz#5c88818b12b8de4307a9d3e6dc3e28eba0dfbd10"
  integrity sha512-i0GV1yJnm2n3Yq1qw6QrUrd/LI9bE8WEBOTtOkpCXHHdyN3TAGgqAK/DAT05z4fq2x04cARXt2pDmjWjL92iTQ==
  dependencies:
    detect-libc "^1.0.3"
    is-glob "^4.0.3"
    micromatch "^4.0.5"
    node-addon-api "^7.0.0"
  optionalDependencies:
    "@parcel/watcher-android-arm64" "2.5.0"
    "@parcel/watcher-darwin-arm64" "2.5.0"
    "@parcel/watcher-darwin-x64" "2.5.0"
    "@parcel/watcher-freebsd-x64" "2.5.0"
    "@parcel/watcher-linux-arm-glibc" "2.5.0"
    "@parcel/watcher-linux-arm-musl" "2.5.0"
    "@parcel/watcher-linux-arm64-glibc" "2.5.0"
    "@parcel/watcher-linux-arm64-musl" "2.5.0"
    "@parcel/watcher-linux-x64-glibc" "2.5.0"
    "@parcel/watcher-linux-x64-musl" "2.5.0"
    "@parcel/watcher-win32-arm64" "2.5.0"
    "@parcel/watcher-win32-ia32" "2.5.0"
    "@parcel/watcher-win32-x64" "2.5.0"

"@scure/base@~1.1.6":
  version "1.1.9"
  resolved "https://registry.yarnpkg.com/@scure/base/-/base-1.1.9.tgz#e5e142fbbfe251091f9c5f1dd4c834ac04c3dbd1"
  integrity sha512-8YKhl8GHiNI/pU2VMaofa2Tor7PJRAjwQLBBuilkJ9L5+13yVbC7JO/wS7piioAvPSwR3JKM1IJ/u4xQzbcXKg==

"@scure/bip32@1.4.0":
  version "1.4.0"
  resolved "https://registry.yarnpkg.com/@scure/bip32/-/bip32-1.4.0.tgz#4e1f1e196abedcef395b33b9674a042524e20d67"
  integrity sha512-sVUpc0Vq3tXCkDGYVWGIZTRfnvu8LoTDaev7vbwh0omSvVORONr960MQWdKqJDCReIEmTj3PAr73O3aoxz7OPg==
  dependencies:
    "@noble/curves" "~1.4.0"
    "@noble/hashes" "~1.4.0"
    "@scure/base" "~1.1.6"

"@scure/bip39@1.3.0":
  version "1.3.0"
  resolved "https://registry.yarnpkg.com/@scure/bip39/-/bip39-1.3.0.tgz#0f258c16823ddd00739461ac31398b4e7d6a18c3"
  integrity sha512-disdg7gHuTDZtY+ZdkmLpPCk7fxZSu3gBiEGuoC1XYxv9cGx3Z6cpTggCgW6odSOOIXCiDjuGejW+aJKCY/pIQ==
  dependencies:
    "@noble/hashes" "~1.4.0"
    "@scure/base" "~1.1.6"

"@types/node@*":
  version "22.9.0"
  resolved "https://registry.yarnpkg.com/@types/node/-/node-22.9.0.tgz#b7f16e5c3384788542c72dc3d561a7ceae2c0365"
  integrity sha512-vuyHg81vvWA1Z1ELfvLko2c8f34gyA0zaic0+Rllc5lbCnbSyuvb2Oxpm6TAUAC/2xZN3QGqxBNggD1nNR2AfQ==
  dependencies:
    undici-types "~6.19.8"

"@types/ws@8.5.3":
  version "8.5.3"
  resolved "https://registry.yarnpkg.com/@types/ws/-/ws-8.5.3.tgz#7d25a1ffbecd3c4f2d35068d0b283c037003274d"
  integrity sha512-6YOoWjruKj1uLf3INHH7D3qTXwFfEsg1kf3c0uDdSBJwfa/llkwIjrAGV7j7mVgGNbzTQ3HiHKKDXl6bJPD97w==
  dependencies:
    "@types/node" "*"

abitype@0.7.1:
  version "0.7.1"
  resolved "https://registry.yarnpkg.com/abitype/-/abitype-0.7.1.tgz#16db20abe67de80f6183cf75f3de1ff86453b745"
  integrity sha512-VBkRHTDZf9Myaek/dO3yMmOzB/y2s3Zo6nVU7yaw1G+TvCHAjwaJzNGN9yo4K5D8bU/VZXKP1EJpRhFr862PlQ==

available-typed-arrays@^1.0.7:
  version "1.0.7"
  resolved "https://registry.yarnpkg.com/available-typed-arrays/-/available-typed-arrays-1.0.7.tgz#a5cc375d6a03c2efc87a553f3e0b1522def14846"
  integrity sha512-wvUjBtSGN7+7SjNpq/9M2Tg350UZD3q62IFZLbRAR1bSMlCo1ZaeW+BJ+D090e4hIIZLBcTDWe4Mh4jvUDajzQ==
  dependencies:
    possible-typed-array-names "^1.0.0"

braces@^3.0.3:
  version "3.0.3"
  resolved "https://registry.yarnpkg.com/braces/-/braces-3.0.3.tgz#490332f40919452272d55a8480adc0c441358789"
  integrity sha512-yQbXgO/OSZVD2IsiLlro+7Hf6Q18EJrKSEsdoMzKePKXct3gvD8oLcOQdIzGupr5Fj+EDe8gO/lxc1BzfMpxvA==
  dependencies:
    fill-range "^7.1.1"

call-bind@^1.0.2, call-bind@^1.0.7:
  version "1.0.7"
  resolved "https://registry.yarnpkg.com/call-bind/-/call-bind-1.0.7.tgz#06016599c40c56498c18769d2730be242b6fa3b9"
  integrity sha512-GHTSNSYICQ7scH7sZ+M2rFopRoLh8t2bLSW6BbgrtLsahOIB5iyAVJf9GjWK3cYTDaMj4XdBpM1cA6pIS0Kv2w==
  dependencies:
    es-define-property "^1.0.0"
    es-errors "^1.3.0"
    function-bind "^1.1.2"
    get-intrinsic "^1.2.4"
    set-function-length "^1.2.1"

chokidar@^4.0.0:
  version "4.0.1"
  resolved "https://registry.yarnpkg.com/chokidar/-/chokidar-4.0.1.tgz#4a6dff66798fb0f72a94f616abbd7e1a19f31d41"
  integrity sha512-n8enUVCED/KVRQlab1hr3MVpcVMvxtZjmEa956u+4YijlmQED223XMSYj2tLuKvr4jcCTzNNMpQDUer72MMmzA==
  dependencies:
    readdirp "^4.0.1"

crc-32@^1.2.2:
  version "1.2.2"
  resolved "https://registry.yarnpkg.com/crc-32/-/crc-32-1.2.2.tgz#3cad35a934b8bf71f25ca524b6da51fb7eace2ff"
  integrity sha512-ROmzCKrTnOwybPcJApAA6WBWij23HVfGVNKqqrZpuyZOHqK2CwHSvpGuyt/UNNvaIjEd8X5IFGp4Mh+Ie1IHJQ==

cross-fetch@^4.0.0:
  version "4.0.0"
  resolved "https://registry.yarnpkg.com/cross-fetch/-/cross-fetch-4.0.0.tgz#f037aef1580bb3a1a35164ea2a848ba81b445983"
  integrity sha512-e4a5N8lVvuLgAWgnCrLr2PP0YyDOTHa9H/Rj54dirp61qXnNq46m82bRhNqIA5VccJtWBvPTFRV3TtvHUKPB1g==
  dependencies:
    node-fetch "^2.6.12"

define-data-property@^1.1.4:
  version "1.1.4"
  resolved "https://registry.yarnpkg.com/define-data-property/-/define-data-property-1.1.4.tgz#894dc141bb7d3060ae4366f6a0107e68fbe48c5e"
  integrity sha512-rBMvIzlpA8v6E+SJZoo++HAYqsLrkg7MSfIinMPFhmkorw7X+dOXVJQs+QT69zGkzMyfDnIMN2Wid1+NbL3T+A==
  dependencies:
    es-define-property "^1.0.0"
    es-errors "^1.3.0"
    gopd "^1.0.1"

detect-libc@^1.0.3:
  version "1.0.3"
  resolved "https://registry.yarnpkg.com/detect-libc/-/detect-libc-1.0.3.tgz#fa137c4bd698edf55cd5cd02ac559f91a4c4ba9b"
  integrity sha512-pGjwhsmsp4kL2RTz08wcOlGN83otlqHeD/Z5T8GXZB+/YcpQ/dgo+lbU8ZsGxV0HIvqqxo9l7mqYwyYMD9bKDg==

es-define-property@^1.0.0:
  version "1.0.0"
  resolved "https://registry.yarnpkg.com/es-define-property/-/es-define-property-1.0.0.tgz#c7faefbdff8b2696cf5f46921edfb77cc4ba3845"
  integrity sha512-jxayLKShrEqqzJ0eumQbVhTYQM27CfT1T35+gCgDFoL82JLsXqTJ76zv6A0YLOgEnLUMvLzsDsGIrl8NFpT2gQ==
  dependencies:
    get-intrinsic "^1.2.4"

es-errors@^1.3.0:
  version "1.3.0"
  resolved "https://registry.yarnpkg.com/es-errors/-/es-errors-1.3.0.tgz#05f75a25dab98e4fb1dcd5e1472c0546d5057c8f"
  integrity sha512-Zf5H2Kxt2xjTvbJvP2ZWLEICxA6j+hAmMzIlypy4xcBg1vKVnx89Wy0GbS+kf5cwCVFFzdCFh2XSCFNULS6csw==

ethereum-cryptography@^2.0.0:
  version "2.2.1"
  resolved "https://registry.yarnpkg.com/ethereum-cryptography/-/ethereum-cryptography-2.2.1.tgz#58f2810f8e020aecb97de8c8c76147600b0b8ccf"
  integrity sha512-r/W8lkHSiTLxUxW8Rf3u4HGB0xQweG2RyETjywylKZSzLWoWAijRz8WCuOtJ6wah+avllXBqZuk29HCCvhEIRg==
  dependencies:
    "@noble/curves" "1.4.2"
    "@noble/hashes" "1.4.0"
    "@scure/bip32" "1.4.0"
    "@scure/bip39" "1.3.0"

eventemitter3@^5.0.1:
  version "5.0.1"
  resolved "https://registry.yarnpkg.com/eventemitter3/-/eventemitter3-5.0.1.tgz#53f5ffd0a492ac800721bb42c66b841de96423c4"
  integrity sha512-GWkBvjiSZK87ELrYOSESUYeVIc9mvLLf/nXalMOS5dYrgZq9o5OVkbZAVM06CVxYsCwH9BDZFPlQTlPA1j4ahA==

fill-range@^7.1.1:
  version "7.1.1"
  resolved "https://registry.yarnpkg.com/fill-range/-/fill-range-7.1.1.tgz#44265d3cac07e3ea7dc247516380643754a05292"
  integrity sha512-YsGpe3WHLK8ZYi4tWDg2Jy3ebRz2rXowDxnld4bkQB00cc/1Zw9AWnC0i9ztDJitivtQvaI9KaLyKrc+hBW0yg==
  dependencies:
    to-regex-range "^5.0.1"

for-each@^0.3.3:
  version "0.3.3"
  resolved "https://registry.yarnpkg.com/for-each/-/for-each-0.3.3.tgz#69b447e88a0a5d32c3e7084f3f1710034b21376e"
  integrity sha512-jqYfLp7mo9vIyQf8ykW2v7A+2N4QjeCeI5+Dz9XraiO1ign81wjiH7Fb9vSOWvQfNtmSa4H2RoQTrrXivdUZmw==
  dependencies:
    is-callable "^1.1.3"

function-bind@^1.1.2:
  version "1.1.2"
  resolved "https://registry.yarnpkg.com/function-bind/-/function-bind-1.1.2.tgz#2c02d864d97f3ea6c8830c464cbd11ab6eab7a1c"
  integrity sha512-7XHNxH7qX9xG5mIwxkhumTox/MIRNcOgDrxWsMt2pAr23WHp6MrRlN7FBSFpCpr+oVO0F744iUgR82nJMfG2SA==

get-intrinsic@^1.1.3, get-intrinsic@^1.2.4:
  version "1.2.4"
  resolved "https://registry.yarnpkg.com/get-intrinsic/-/get-intrinsic-1.2.4.tgz#e385f5a4b5227d449c3eabbad05494ef0abbeadd"
  integrity sha512-5uYhsJH8VJBTv7oslg4BznJYhDoRI6waYCxMmCdnTrcCrHA/fCFKoTFz2JKKE0HdDFUF7/oQuhzumXJK7paBRQ==
  dependencies:
    es-errors "^1.3.0"
    function-bind "^1.1.2"
    has-proto "^1.0.1"
    has-symbols "^1.0.3"
    hasown "^2.0.0"

gopd@^1.0.1:
  version "1.0.1"
  resolved "https://registry.yarnpkg.com/gopd/-/gopd-1.0.1.tgz#29ff76de69dac7489b7c0918a5788e56477c332c"
  integrity sha512-d65bNlIadxvpb/A2abVdlqKqV563juRnZ1Wtk6s1sIR8uNsXR70xqIzVqxVf1eTqDunwT2MkczEeaezCKTZhwA==
  dependencies:
    get-intrinsic "^1.1.3"

has-property-descriptors@^1.0.2:
  version "1.0.2"
  resolved "https://registry.yarnpkg.com/has-property-descriptors/-/has-property-descriptors-1.0.2.tgz#963ed7d071dc7bf5f084c5bfbe0d1b6222586854"
  integrity sha512-55JNKuIW+vq4Ke1BjOTjM2YctQIvCT7GFzHwmfZPGo5wnrgkid0YQtnAleFSqumZm4az3n2BS+erby5ipJdgrg==
  dependencies:
    es-define-property "^1.0.0"

has-proto@^1.0.1:
  version "1.0.3"
  resolved "https://registry.yarnpkg.com/has-proto/-/has-proto-1.0.3.tgz#b31ddfe9b0e6e9914536a6ab286426d0214f77fd"
  integrity sha512-SJ1amZAJUiZS+PhsVLf5tGydlaVB8EdFpaSO4gmiUKUOxk8qzn5AIy4ZeJUmh22znIdk/uMAUT2pl3FxzVUH+Q==

has-symbols@^1.0.3:
  version "1.0.3"
  resolved "https://registry.yarnpkg.com/has-symbols/-/has-symbols-1.0.3.tgz#bb7b2c4349251dce87b125f7bdf874aa7c8b39f8"
  integrity sha512-l3LCuF6MgDNwTDKkdYGEihYjt5pRPbEg46rtlmnSPlUbgmB8LOIrKJbYYFBSbnPaJexMKtiPO8hmeRjRz2Td+A==

has-tostringtag@^1.0.0, has-tostringtag@^1.0.2:
  version "1.0.2"
  resolved "https://registry.yarnpkg.com/has-tostringtag/-/has-tostringtag-1.0.2.tgz#2cdc42d40bef2e5b4eeab7c01a73c54ce7ab5abc"
  integrity sha512-NqADB8VjPFLM2V0VvHUewwwsw0ZWBaIdgo+ieHtK3hasLz4qeCRjYcqfB6AQrBggRKppKF8L52/VqdVsO47Dlw==
  dependencies:
    has-symbols "^1.0.3"

hasown@^2.0.0:
  version "2.0.2"
  resolved "https://registry.yarnpkg.com/hasown/-/hasown-2.0.2.tgz#003eaf91be7adc372e84ec59dc37252cedb80003"
  integrity sha512-0hJU9SCPvmMzIBdZFqNPXWa6dqh7WdH0cII9y+CyS8rG3nL48Bclra9HmKhVVUHyPWNH5Y7xDwAB7bfgSjkUMQ==
  dependencies:
    function-bind "^1.1.2"

immutable@^4.0.0:
  version "4.3.7"
  resolved "https://registry.yarnpkg.com/immutable/-/immutable-4.3.7.tgz#c70145fc90d89fb02021e65c84eb0226e4e5a381"
  integrity sha512-1hqclzwYwjRDFLjcFxOM5AYkkG0rpFPpr1RLPMEuGczoS7YA8gLhy8SWXYRAA/XwfEHpfo3cw5JGioS32fnMRw==

inherits@^2.0.3:
  version "2.0.4"
  resolved "https://registry.yarnpkg.com/inherits/-/inherits-2.0.4.tgz#0fa2c64f932917c3433a0ded55363aae37416b7c"
  integrity sha512-k/vGaX4/Yla3WzyMCvTQOXYeIHvqOKtnqBduzTHpzpQZzAskKMhZ2K+EnBiSM9zGSoIFeMpXKxa4dYeZIQqewQ==

is-arguments@^1.0.4:
  version "1.1.1"
  resolved "https://registry.yarnpkg.com/is-arguments/-/is-arguments-1.1.1.tgz#15b3f88fda01f2a97fec84ca761a560f123efa9b"
  integrity sha512-8Q7EARjzEnKpt/PCD7e1cgUS0a6X8u5tdSiMqXhojOdoV9TsMsiO+9VLC5vAmO8N7/GmXn7yjR8qnA6bVAEzfA==
  dependencies:
    call-bind "^1.0.2"
    has-tostringtag "^1.0.0"

is-callable@^1.1.3:
  version "1.2.7"
  resolved "https://registry.yarnpkg.com/is-callable/-/is-callable-1.2.7.tgz#3bc2a85ea742d9e36205dcacdd72ca1fdc51b055"
  integrity sha512-1BC0BVFhS/p0qtw6enp8e+8OD0UrK0oFLztSjNzhcKA3WDuJxxAPXzPuPtKkjEY9UUoEWlX/8fgKeu2S8i9JTA==

is-extglob@^2.1.1:
  version "2.1.1"
  resolved "https://registry.yarnpkg.com/is-extglob/-/is-extglob-2.1.1.tgz#a88c02535791f02ed37c76a1b9ea9773c833f8c2"
  integrity sha512-SbKbANkN603Vi4jEZv49LeVJMn4yGwsbzZworEoyEiutsN3nJYdbO36zfhGJ6QEDpOZIFkDtnq5JRxmvl3jsoQ==

is-generator-function@^1.0.7:
  version "1.0.10"
  resolved "https://registry.yarnpkg.com/is-generator-function/-/is-generator-function-1.0.10.tgz#f1558baf1ac17e0deea7c0415c438351ff2b3c72"
  integrity sha512-jsEjy9l3yiXEQ+PsXdmBwEPcOxaXWLspKdplFUVI9vq1iZgIekeC0L167qeu86czQaxed3q/Uzuw0swL0irL8A==
  dependencies:
    has-tostringtag "^1.0.0"

is-glob@^4.0.3:
  version "4.0.3"
  resolved "https://registry.yarnpkg.com/is-glob/-/is-glob-4.0.3.tgz#64f61e42cbbb2eec2071a9dac0b28ba1e65d5084"
  integrity sha512-xelSayHH36ZgE7ZWhli7pW34hNbNl8Ojv5KVmkJD4hBdD3th8Tfk9vYasLM+mXWOZhFkgZfxhLSnrwRr4elSSg==
  dependencies:
    is-extglob "^2.1.1"

is-number@^7.0.0:
  version "7.0.0"
  resolved "https://registry.yarnpkg.com/is-number/-/is-number-7.0.0.tgz#7535345b896734d5f80c4d06c50955527a14f12b"
  integrity sha512-41Cifkg6e8TylSpdtTpeLVMqvSBEVzTttHvERD741+pnZ8ANv0004MRL43QKPDlK9cGvNp6NZWZUBlbGXYxxng==

is-typed-array@^1.1.3:
  version "1.1.13"
  resolved "https://registry.yarnpkg.com/is-typed-array/-/is-typed-array-1.1.13.tgz#d6c5ca56df62334959322d7d7dd1cca50debe229"
  integrity sha512-uZ25/bUAlUY5fR4OKT4rZQEBrzQWYV9ZJYGGsUmEJ6thodVJ1HX64ePQ6Z0qPWP+m+Uq6e9UugrE38jeYsDSMw==
  dependencies:
    which-typed-array "^1.1.14"

isomorphic-ws@^5.0.0:
  version "5.0.0"
  resolved "https://registry.yarnpkg.com/isomorphic-ws/-/isomorphic-ws-5.0.0.tgz#e5529148912ecb9b451b46ed44d53dae1ce04bbf"
  integrity sha512-muId7Zzn9ywDsyXgTIafTry2sV3nySZeUDe6YedVd1Hvuuep5AsIlqK+XefWpYTyJG5e503F2xIuT2lcU6rCSw==

micromatch@^4.0.5:
  version "4.0.8"
  resolved "https://registry.yarnpkg.com/micromatch/-/micromatch-4.0.8.tgz#d66fa18f3a47076789320b9b1af32bd86d9fa202"
  integrity sha512-PXwfBhYu0hBCPw8Dn0E+WDYb7af3dSLVWKi3HGv84IdF4TyFoC0ysxFd0Goxw7nSv4T/PzEJQxsYsEiFCKo2BA==
  dependencies:
    braces "^3.0.3"
    picomatch "^2.3.1"

node-addon-api@^7.0.0:
  version "7.1.1"
  resolved "https://registry.yarnpkg.com/node-addon-api/-/node-addon-api-7.1.1.tgz#1aba6693b0f255258a049d621329329322aad558"
  integrity sha512-5m3bsyrjFWE1xf7nz7YXdN4udnVtXK6/Yfgn5qnahL6bCkf2yKt4k3nuTKAtT4r3IG8JNR2ncsIMdZuAzJjHQQ==

node-fetch@^2.6.12:
  version "2.7.0"
  resolved "https://registry.yarnpkg.com/node-fetch/-/node-fetch-2.7.0.tgz#d0f0fa6e3e2dc1d27efcd8ad99d550bda94d187d"
  integrity sha512-c4FRfUm/dbcWZ7U+1Wq0AwCyFL+3nt2bEw05wfxSz+DWpWsitgmSgYmy2dQdWyKC1694ELPqMs/YzUSNozLt8A==
  dependencies:
    whatwg-url "^5.0.0"

picomatch@^2.3.1:
  version "2.3.1"
  resolved "https://registry.yarnpkg.com/picomatch/-/picomatch-2.3.1.tgz#3ba3833733646d9d3e4995946c1365a67fb07a42"
  integrity sha512-JU3teHTNjmE2VCGFzuY8EXzCDVwEqB2a8fsIvwaStHhAWJEeVd1o1QD80CU6+ZdEXXSLbSsuLwJjkCBWqRQUVA==

possible-typed-array-names@^1.0.0:
  version "1.0.0"
  resolved "https://registry.yarnpkg.com/possible-typed-array-names/-/possible-typed-array-names-1.0.0.tgz#89bb63c6fada2c3e90adc4a647beeeb39cc7bf8f"
  integrity sha512-d7Uw+eZoloe0EHDIYoe+bQ5WXnGMOpmiZFTuMWCwpjzzkL2nTjcKiAk4hh8TjnGye2TwWOk3UXucZ+3rbmBa8Q==

readdirp@^4.0.1:
  version "4.0.2"
  resolved "https://registry.yarnpkg.com/readdirp/-/readdirp-4.0.2.tgz#388fccb8b75665da3abffe2d8f8ed59fe74c230a"
  integrity sha512-yDMz9g+VaZkqBYS/ozoBJwaBhTbZo3UNYQHNRw1D3UFQB8oHB4uS/tAODO+ZLjGWmUbKnIlOWO+aaIiAxrUWHA==

saas@^1.0.0:
  version "1.0.0"
  resolved "https://registry.yarnpkg.com/saas/-/saas-1.0.0.tgz#0091274f26664300bbca5e9893bc4bb88709e677"
  integrity sha512-FgayhFS18BlPfcyMcOqxD7PIyNyUjqyv8R+rsr3X2KRK2icEUL4uvWBF+lZ0IPqJIO2kUO0d20OXY+R+pdriqg==

sass@^1.80.6:
  version "1.80.6"
  resolved "https://registry.yarnpkg.com/sass/-/sass-1.80.6.tgz#5d0aa55763984effe41e40019c9571ab73e6851f"
  integrity sha512-ccZgdHNiBF1NHBsWvacvT5rju3y1d/Eu+8Ex6c21nHp2lZGLBEtuwc415QfiI1PJa1TpCo3iXwwSRjRpn2Ckjg==
  dependencies:
    chokidar "^4.0.0"
    immutable "^4.0.0"
    source-map-js ">=0.6.2 <2.0.0"
  optionalDependencies:
    "@parcel/watcher" "^2.4.1"

set-function-length@^1.2.1:
  version "1.2.2"
  resolved "https://registry.yarnpkg.com/set-function-length/-/set-function-length-1.2.2.tgz#aac72314198eaed975cf77b2c3b6b880695e5449"
  integrity sha512-pgRc4hJ4/sNjWCSS9AmnS40x3bNMDTknHgL5UaMBTMyJnU90EgWh1Rz+MC9eFu4BuN/UwZjKQuY/1v3rM7HMfg==
  dependencies:
    define-data-property "^1.1.4"
    es-errors "^1.3.0"
    function-bind "^1.1.2"
    get-intrinsic "^1.2.4"
    gopd "^1.0.1"
    has-property-descriptors "^1.0.2"

setimmediate@^1.0.5:
  version "1.0.5"
  resolved "https://registry.yarnpkg.com/setimmediate/-/setimmediate-1.0.5.tgz#290cbb232e306942d7d7ea9b83732ab7856f8285"
  integrity sha512-MATJdZp8sLqDl/68LfQmbP8zKPLQNV6BIZoIgrscFDQ+RsvK/BxeDQOgyxKKoh0y/8h3BqVFnCqQ/gd+reiIXA==

"source-map-js@>=0.6.2 <2.0.0":
  version "1.2.1"
  resolved "https://registry.yarnpkg.com/source-map-js/-/source-map-js-1.2.1.tgz#1ce5650fddd87abc099eda37dcff024c2667ae46"
  integrity sha512-UXWMKhLOwVKb728IUtQPXxfYU+usdybtUrK/8uGE8CQMvrhOpwvzDBwj0QhSL7MQc7vIsISBG8VQ8+IDQxpfQA==

to-regex-range@^5.0.1:
  version "5.0.1"
  resolved "https://registry.yarnpkg.com/to-regex-range/-/to-regex-range-5.0.1.tgz#1648c44aae7c8d988a326018ed72f5b4dd0392e4"
  integrity sha512-65P7iz6X5yEr1cwcgvQxbbIw7Uk3gOy5dIdtZ4rDveLqhrdJP+Li/Hx6tyK0NEb+2GCyneCMJiGqrADCSNk8sQ==
  dependencies:
    is-number "^7.0.0"

tr46@~0.0.3:
  version "0.0.3"
  resolved "https://registry.yarnpkg.com/tr46/-/tr46-0.0.3.tgz#8184fd347dac9cdc185992f3a6622e14b9d9ab6a"
  integrity sha512-N3WMsuqV66lT30CrXNbEjx4GEwlow3v6rr4mCcv6prnfwhS01rkgyFdjPNBYd9br7LpXV1+Emh01fHnq2Gdgrw==

undici-types@~6.19.8:
  version "6.19.8"
  resolved "https://registry.yarnpkg.com/undici-types/-/undici-types-6.19.8.tgz#35111c9d1437ab83a7cdc0abae2f26d88eda0a02"
  integrity sha512-ve2KP6f/JnbPBFyobGHuerC9g1FYGn/F8n1LWTwNxCEzd6IfqTwUQcNXgEtmmQ6DlRrC1hrSrBnCZPokRrDHjw==

util@^0.12.5:
  version "0.12.5"
  resolved "https://registry.yarnpkg.com/util/-/util-0.12.5.tgz#5f17a6059b73db61a875668781a1c2b136bd6fbc"
  integrity sha512-kZf/K6hEIrWHI6XqOFUiiMa+79wE/D8Q+NCNAWclkyg3b4d2k7s0QGepNjiABc+aR3N1PAyHL7p6UcLY6LmrnA==
  dependencies:
    inherits "^2.0.3"
    is-arguments "^1.0.4"
    is-generator-function "^1.0.7"
    is-typed-array "^1.1.3"
    which-typed-array "^1.1.2"

web3-core@^4.4.0, web3-core@^4.5.0, web3-core@^4.6.0, web3-core@^4.7.0:
  version "4.7.0"
  resolved "https://registry.yarnpkg.com/web3-core/-/web3-core-4.7.0.tgz#a109ed079e5f98a968487f4bb18c7aaf845f768a"
  integrity sha512-skP4P56fhlrE+rIuS4WY9fTdja1DPml2xrrDmv+vQhPtmSFBs7CqesycIRLQh4dK1D4de/a23tkX6DLYdUt3nA==
  dependencies:
    web3-errors "^1.3.0"
    web3-eth-accounts "^4.2.1"
    web3-eth-iban "^4.0.7"
    web3-providers-http "^4.2.0"
    web3-providers-ws "^4.0.8"
    web3-types "^1.8.1"
    web3-utils "^4.3.2"
    web3-validator "^2.0.6"
  optionalDependencies:
    web3-providers-ipc "^4.0.7"

web3-errors@^1.1.3, web3-errors@^1.2.0, web3-errors@^1.3.0:
  version "1.3.0"
  resolved "https://registry.yarnpkg.com/web3-errors/-/web3-errors-1.3.0.tgz#504e4d3218899df108856940087a8022d6688d74"
  integrity sha512-j5JkAKCtuVMbY3F5PYXBqg1vWrtF4jcyyMY1rlw8a4PV67AkqlepjGgpzWJZd56Mt+TvHy6DA1F/3Id8LatDSQ==
  dependencies:
    web3-types "^1.7.0"

web3-eth-abi@^4.4.0:
  version "4.4.0"
  resolved "https://registry.yarnpkg.com/web3-eth-abi/-/web3-eth-abi-4.4.0.tgz#30ded71d585b41d2f0f1f5d7c74faa2a4e70d240"
  integrity sha512-RQzt9W93OgFBwOdNGcc9ulCyYt4zmRAMkKGbEdp3wcN4vmwTlRhh21+akj2ND4bg3C3RUiP4yprYgDEyN0/Fmg==
  dependencies:
    abitype "0.7.1"
    web3-errors "^1.3.0"
    web3-types "^1.9.0"
    web3-utils "^4.3.2"
    web3-validator "^2.0.6"

web3-eth-accounts@^4.2.1, web3-eth-accounts@^4.3.0:
  version "4.3.0"
  resolved "https://registry.yarnpkg.com/web3-eth-accounts/-/web3-eth-accounts-4.3.0.tgz#b103e827ff1d07252181776b1b665d6a19a73980"
  integrity sha512-7UX3rJiNgHYoqrO1WRPks/9J5Mh2x5N9HAd9QsOM8zfKY2rwSyCIIQM03OFXDEQRZ/ztycKTHgeLStmhlUUKIQ==
  dependencies:
    "@ethereumjs/rlp" "^4.0.1"
    crc-32 "^1.2.2"
    ethereum-cryptography "^2.0.0"
    web3-errors "^1.3.0"
    web3-types "^1.9.0"
    web3-utils "^4.3.2"
    web3-validator "^2.0.6"

web3-eth-contract@^4.5.0, web3-eth-contract@^4.7.1:
  version "4.7.1"
  resolved "https://registry.yarnpkg.com/web3-eth-contract/-/web3-eth-contract-4.7.1.tgz#8d447b96323203a2a2744efdf87a1f0dffe4bcc1"
  integrity sha512-D9nHCclq4lj2CX1sOrGga1UFA9CNBWZV6NGwNr6WjbBGIFl9ui2mivE9c3vNGEfSMnvKEq/zE83N+eGOwcWZlg==
  dependencies:
    "@ethereumjs/rlp" "^5.0.2"
    web3-core "^4.7.0"
    web3-errors "^1.3.0"
    web3-eth "^4.11.0"
    web3-eth-abi "^4.4.0"
    web3-types "^1.9.0"
    web3-utils "^4.3.2"
    web3-validator "^2.0.6"

web3-eth-ens@^4.4.0:
  version "4.4.0"
  resolved "https://registry.yarnpkg.com/web3-eth-ens/-/web3-eth-ens-4.4.0.tgz#bc0d11d755cb15ed4b82e38747c5104622d9a4b9"
  integrity sha512-DeyVIS060hNV9g8dnTx92syqvgbvPricE3MerCxe/DquNZT3tD8aVgFfq65GATtpCgDDJffO2bVeHp3XBemnSQ==
  dependencies:
    "@adraffy/ens-normalize" "^1.8.8"
    web3-core "^4.5.0"
    web3-errors "^1.2.0"
    web3-eth "^4.8.0"
    web3-eth-contract "^4.5.0"
    web3-net "^4.1.0"
    web3-types "^1.7.0"
    web3-utils "^4.3.0"
    web3-validator "^2.0.6"

web3-eth-iban@^4.0.7:
  version "4.0.7"
  resolved "https://registry.yarnpkg.com/web3-eth-iban/-/web3-eth-iban-4.0.7.tgz#ee504f845d7b6315f0be78fcf070ccd5d38e4aaf"
  integrity sha512-8weKLa9KuKRzibC87vNLdkinpUE30gn0IGY027F8doeJdcPUfsa4IlBgNC4k4HLBembBB2CTU0Kr/HAOqMeYVQ==
  dependencies:
    web3-errors "^1.1.3"
    web3-types "^1.3.0"
    web3-utils "^4.0.7"
    web3-validator "^2.0.3"

web3-eth-personal@^4.1.0:
  version "4.1.0"
  resolved "https://registry.yarnpkg.com/web3-eth-personal/-/web3-eth-personal-4.1.0.tgz#f5b506a4570bf1241d1db2de12cb413ea0bb4486"
  integrity sha512-RFN83uMuvA5cu1zIwwJh9A/bAj0OBxmGN3tgx19OD/9ygeUZbifOL06jgFzN0t+1ekHqm3DXYQM8UfHpXi7yDQ==
  dependencies:
    web3-core "^4.6.0"
    web3-eth "^4.9.0"
    web3-rpc-methods "^1.3.0"
    web3-types "^1.8.0"
    web3-utils "^4.3.1"
    web3-validator "^2.0.6"

web3-eth@^4.11.0, web3-eth@^4.8.0, web3-eth@^4.9.0:
  version "4.11.0"
  resolved "https://registry.yarnpkg.com/web3-eth/-/web3-eth-4.11.0.tgz#ea24b9c3db175438ea46738a20e28dbde7c8fe54"
  integrity sha512-nZIJ/8FOOj5aEXoS8p9puuX5jLyzewZv3nXqoKNtu531/vA/yIiU/EtPnAV62RvVMcbDSiF/BLVFdBZCsVMJbg==
  dependencies:
    setimmediate "^1.0.5"
    web3-core "^4.7.0"
    web3-errors "^1.3.0"
    web3-eth-abi "^4.4.0"
    web3-eth-accounts "^4.3.0"
    web3-net "^4.1.0"
    web3-providers-ws "^4.0.8"
    web3-rpc-methods "^1.3.0"
    web3-types "^1.9.0"
    web3-utils "^4.3.2"
    web3-validator "^2.0.6"

web3-net@^4.1.0:
  version "4.1.0"
  resolved "https://registry.yarnpkg.com/web3-net/-/web3-net-4.1.0.tgz#db7bde675e58b153339e4f149f29ec0410d6bab2"
  integrity sha512-WWmfvHVIXWEoBDWdgKNYKN8rAy6SgluZ0abyRyXOL3ESr7ym7pKWbfP4fjApIHlYTh8tNqkrdPfM4Dyi6CA0SA==
  dependencies:
    web3-core "^4.4.0"
    web3-rpc-methods "^1.3.0"
    web3-types "^1.6.0"
    web3-utils "^4.3.0"

web3-providers-http@^4.2.0:
  version "4.2.0"
  resolved "https://registry.yarnpkg.com/web3-providers-http/-/web3-providers-http-4.2.0.tgz#0f4bf424681a068d49994aa7fabc69bed45ac50b"
  integrity sha512-IPMnDtHB7dVwaB7/mMxAZzyq7d5ezfO1+Vw0bNfAeIi7gaDlJiggp85SdyAfOgov8AMUA/dyiY72kQ0KmjXKvQ==
  dependencies:
    cross-fetch "^4.0.0"
    web3-errors "^1.3.0"
    web3-types "^1.7.0"
    web3-utils "^4.3.1"

web3-providers-ipc@^4.0.7:
  version "4.0.7"
  resolved "https://registry.yarnpkg.com/web3-providers-ipc/-/web3-providers-ipc-4.0.7.tgz#9ec4c8565053af005a5170ba80cddeb40ff3e3d3"
  integrity sha512-YbNqY4zUvIaK2MHr1lQFE53/8t/ejHtJchrWn9zVbFMGXlTsOAbNoIoZWROrg1v+hCBvT2c9z8xt7e/+uz5p1g==
  dependencies:
    web3-errors "^1.1.3"
    web3-types "^1.3.0"
    web3-utils "^4.0.7"

web3-providers-ws@^4.0.8:
  version "4.0.8"
  resolved "https://registry.yarnpkg.com/web3-providers-ws/-/web3-providers-ws-4.0.8.tgz#6de7b262f7ec6df1a2dff466ba91d7ebdac2c45e"
  integrity sha512-goJdgata7v4pyzHRsg9fSegUG4gVnHZSHODhNnn6J93ykHkBI1nz4fjlGpcQLUMi4jAMz6SHl9Ibzs2jj9xqPw==
  dependencies:
    "@types/ws" "8.5.3"
    isomorphic-ws "^5.0.0"
    web3-errors "^1.2.0"
    web3-types "^1.7.0"
    web3-utils "^4.3.1"
    ws "^8.17.1"

web3-rpc-methods@^1.3.0:
  version "1.3.0"
  resolved "https://registry.yarnpkg.com/web3-rpc-methods/-/web3-rpc-methods-1.3.0.tgz#d5ee299a69389d63822d354ddee2c6a121a6f670"
  integrity sha512-/CHmzGN+IYgdBOme7PdqzF+FNeMleefzqs0LVOduncSaqsppeOEoskLXb2anSpzmQAP3xZJPaTrkQPWSJMORig==
  dependencies:
    web3-core "^4.4.0"
    web3-types "^1.6.0"
    web3-validator "^2.0.6"

web3-rpc-providers@^1.0.0-rc.3:
  version "1.0.0-rc.3"
  resolved "https://registry.yarnpkg.com/web3-rpc-providers/-/web3-rpc-providers-1.0.0-rc.3.tgz#be14c679cea1e7ee742b60e68bcdfe760a90e3e7"
  integrity sha512-aeFPYgvHjsf2yQi3CSQA9Ie4xnmO7VmNkY098rA7AWvhgyjVgIWlrVgZjUn55FXtthbiiTRm/CLriv99UeOfGQ==
  dependencies:
    web3-errors "^1.3.0"
    web3-providers-http "^4.2.0"
    web3-providers-ws "^4.0.8"
    web3-types "^1.9.0"
    web3-utils "^4.3.2"
    web3-validator "^2.0.6"

web3-types@^1.3.0, web3-types@^1.6.0, web3-types@^1.7.0, web3-types@^1.8.0, web3-types@^1.8.1, web3-types@^1.9.0:
  version "1.9.0"
  resolved "https://registry.yarnpkg.com/web3-types/-/web3-types-1.9.0.tgz#4cfd17d5d3485797df1d72de8f2f8d03b0d1ac61"
  integrity sha512-I520KBPoXqEaM/ybj6xHD1E3gRb8/WdudLQaRBvJNQSSfHuPW9P2sD59mbhm6dsKtnje+T90dIxSyzVVFlEdlg==

web3-utils@^4.0.7, web3-utils@^4.3.0, web3-utils@^4.3.1, web3-utils@^4.3.2:
  version "4.3.2"
  resolved "https://registry.yarnpkg.com/web3-utils/-/web3-utils-4.3.2.tgz#a952428d677b635fd0c16044ae4c534807a39639"
  integrity sha512-bEFpYEBMf6ER78Uvj2mdsCbaLGLK9kABOsa3TtXOEEhuaMy/RK0KlRkKoZ2vmf/p3hB8e1q5erknZ6Hy7AVp7A==
  dependencies:
    ethereum-cryptography "^2.0.0"
    eventemitter3 "^5.0.1"
    web3-errors "^1.3.0"
    web3-types "^1.8.1"
    web3-validator "^2.0.6"

web3-validator@^2.0.3, web3-validator@^2.0.6:
  version "2.0.6"
  resolved "https://registry.yarnpkg.com/web3-validator/-/web3-validator-2.0.6.tgz#a0cdaa39e1d1708ece5fae155b034e29d6a19248"
  integrity sha512-qn9id0/l1bWmvH4XfnG/JtGKKwut2Vokl6YXP5Kfg424npysmtRLe9DgiNBM9Op7QL/aSiaA0TVXibuIuWcizg==
  dependencies:
    ethereum-cryptography "^2.0.0"
    util "^0.12.5"
    web3-errors "^1.2.0"
    web3-types "^1.6.0"
    zod "^3.21.4"

web3@^4.15.0:
  version "4.15.0"
  resolved "https://registry.yarnpkg.com/web3/-/web3-4.15.0.tgz#925a7881d56da1ef808be12bbc8a38ccb872cc6f"
  integrity sha512-0QWDWE4gDWldXb4KWq++K8m/A9zsR0LpJLtVT39/b4OjfdW0d4mE0qAUd3UocxuKTh1eG5pOCfumbGS5l6p1qg==
  dependencies:
    web3-core "^4.7.0"
    web3-errors "^1.3.0"
    web3-eth "^4.11.0"
    web3-eth-abi "^4.4.0"
    web3-eth-accounts "^4.3.0"
    web3-eth-contract "^4.7.1"
    web3-eth-ens "^4.4.0"
    web3-eth-iban "^4.0.7"
    web3-eth-personal "^4.1.0"
    web3-net "^4.1.0"
    web3-providers-http "^4.2.0"
    web3-providers-ws "^4.0.8"
    web3-rpc-methods "^1.3.0"
    web3-rpc-providers "^1.0.0-rc.3"
    web3-types "^1.9.0"
    web3-utils "^4.3.2"
    web3-validator "^2.0.6"

webidl-conversions@^3.0.0:
  version "3.0.1"
  resolved "https://registry.yarnpkg.com/webidl-conversions/-/webidl-conversions-3.0.1.tgz#24534275e2a7bc6be7bc86611cc16ae0a5654871"
  integrity sha512-2JAn3z8AR6rjK8Sm8orRC0h/bcl/DqL7tRPdGZ4I1CjdF+EaMLmYxBHyXuKL849eucPFhvBoxMsflfOb8kxaeQ==

whatwg-url@^5.0.0:
  version "5.0.0"
  resolved "https://registry.yarnpkg.com/whatwg-url/-/whatwg-url-5.0.0.tgz#966454e8765462e37644d3626f6742ce8b70965d"
  integrity sha512-saE57nupxk6v3HY35+jzBwYa0rKSy0XR8JSxZPwgLr7ys0IBzhGviA1/TUGJLmSVqs8pb9AnvICXEuOHLprYTw==
  dependencies:
    tr46 "~0.0.3"
    webidl-conversions "^3.0.0"

which-typed-array@^1.1.14, which-typed-array@^1.1.2:
  version "1.1.15"
  resolved "https://registry.yarnpkg.com/which-typed-array/-/which-typed-array-1.1.15.tgz#264859e9b11a649b388bfaaf4f767df1f779b38d"
  integrity sha512-oV0jmFtUky6CXfkqehVvBP/LSWJ2sy4vWMioiENyJLePrBO/yKyV9OyJySfAKosh+RYkIl5zJCNZ8/4JncrpdA==
  dependencies:
    available-typed-arrays "^1.0.7"
    call-bind "^1.0.7"
    for-each "^0.3.3"
    gopd "^1.0.1"
    has-tostringtag "^1.0.2"

ws@^8.17.1:
  version "8.18.0"
  resolved "https://registry.yarnpkg.com/ws/-/ws-8.18.0.tgz#0d7505a6eafe2b0e712d232b42279f53bc289bbc"
  integrity sha512-8VbfWfHLbbwu3+N6OKsOMpBdT4kXPDDB9cJk2bJ6mh9ucxdlnNvH1e+roYkKmN9Nxw2yjz7VzeO9oOz2zJ04Pw==

zod@^3.21.4:
  version "3.23.8"
  resolved "https://registry.yarnpkg.com/zod/-/zod-3.23.8.tgz#e37b957b5d52079769fb8097099b592f0ef4067d"
  integrity sha512-XBx9AXhXktjUqnepgTiE5flcKIYWi/rme0Eaj+5Y0lftuGBq+jyRu/md4WnuxqgP1ubdpNCsYEYPxrzVHD8d6g==
